
Microsoft Visual Studio Solution File, Format Version 12.00
# Visual Studio Version 17
VisualStudioVersion = 17.4.33213.308
MinimumVisualStudioVersion = 10.0.40219.1
Project("{FAE04EC0-301F-11D3-BF4B-00C04F79EFBC}") = "q5", "q5\q5.csproj", "{8DBCDB32-F9AB-4144-8BC2-3F05FE3440DC}"
EndProject
Global
	GlobalSection(SolutionConfigurationPlatforms) = preSolution
		Debug|Any CPU = Debug|Any CPU
		Release|Any CPU = Release|Any CPU
	EndGlobalSection
	GlobalSection(ProjectConfigurationPlatforms) = postSolution
		{8DBCDB32-F9AB-4144-8BC2-3F05FE3440DC}.Debug|Any CPU.ActiveCfg = Debug|Any CPU
		{8DBCDB32-F9AB-4144-8BC2-3F05FE3440DC}.Debug|Any CPU.Build.0 = Debug|Any CPU
		{8DBCDB32-F9AB-4144-8BC2-3F05FE3440DC}.Release|Any CPU.ActiveCfg = Release|Any CPU
		{8DBCDB32-F9AB-4144-8BC2-3F05FE3440DC}.Release|Any CPU.Build.0 = Release|Any CPU
	EndGlobalSection
	GlobalSection(SolutionProperties) = preSolution
		HideSolutionNode = FALSE
	EndGlobalSection
	GlobalSection(ExtensibilityGlobals) = postSolution
		SolutionGuid = {0397C952-8A42-4142-91FF-C6ED59E3650A}
	EndGlobalSection
EndGlobal
