
Microsoft Visual Studio Solution File, Format Version 12.00
# Visual Studio Version 17
VisualStudioVersion = 17.4.33213.308
MinimumVisualStudioVersion = 10.0.40219.1
Project("{FAE04EC0-301F-11D3-BF4B-00C04F79EFBC}") = "Fibonacci", "Fibonacci\Fibonacci.csproj", "{C3242776-1E0A-4D8C-8A8C-F673378DE470}"
EndProject
Global
	GlobalSection(SolutionConfigurationPlatforms) = preSolution
		Debug|Any CPU = Debug|Any CPU
		Release|Any CPU = Release|Any CPU
	EndGlobalSection
	GlobalSection(ProjectConfigurationPlatforms) = postSolution
		{C3242776-1E0A-4D8C-8A8C-F673378DE470}.Debug|Any CPU.ActiveCfg = Debug|Any CPU
		{C3242776-1E0A-4D8C-8A8C-F673378DE470}.Debug|Any CPU.Build.0 = Debug|Any CPU
		{C3242776-1E0A-4D8C-8A8C-F673378DE470}.Release|Any CPU.ActiveCfg = Release|Any CPU
		{C3242776-1E0A-4D8C-8A8C-F673378DE470}.Release|Any CPU.Build.0 = Release|Any CPU
	EndGlobalSection
	GlobalSection(SolutionProperties) = preSolution
		HideSolutionNode = FALSE
	EndGlobalSection
	GlobalSection(ExtensibilityGlobals) = postSolution
		SolutionGuid = {C3726FB7-B6B1-414B-9C0A-4DACC177761B}
	EndGlobalSection
EndGlobal
