
Microsoft Visual Studio Solution File, Format Version 12.00
# Visual Studio Version 17
VisualStudioVersion = 17.4.33213.308
MinimumVisualStudioVersion = 10.0.40219.1
Project("{FAE04EC0-301F-11D3-BF4B-00C04F79EFBC}") = "q3", "q3\q3.csproj", "{9B238D7E-7CBC-4AE4-B926-A88920BE182F}"
EndProject
Global
	GlobalSection(SolutionConfigurationPlatforms) = preSolution
		Debug|Any CPU = Debug|Any CPU
		Release|Any CPU = Release|Any CPU
	EndGlobalSection
	GlobalSection(ProjectConfigurationPlatforms) = postSolution
		{9B238D7E-7CBC-4AE4-B926-A88920BE182F}.Debug|Any CPU.ActiveCfg = Debug|Any CPU
		{9B238D7E-7CBC-4AE4-B926-A88920BE182F}.Debug|Any CPU.Build.0 = Debug|Any CPU
		{9B238D7E-7CBC-4AE4-B926-A88920BE182F}.Release|Any CPU.ActiveCfg = Release|Any CPU
		{9B238D7E-7CBC-4AE4-B926-A88920BE182F}.Release|Any CPU.Build.0 = Release|Any CPU
	EndGlobalSection
	GlobalSection(SolutionProperties) = preSolution
		HideSolutionNode = FALSE
	EndGlobalSection
	GlobalSection(ExtensibilityGlobals) = postSolution
		SolutionGuid = {9E45CFF8-14A7-40C0-B30A-59107C050AB1}
	EndGlobalSection
EndGlobal
