
Microsoft Visual Studio Solution File, Format Version 12.00
# Visual Studio Version 17
VisualStudioVersion = 17.4.33213.308
MinimumVisualStudioVersion = 10.0.40219.1
Project("{FAE04EC0-301F-11D3-BF4B-00C04F79EFBC}") = "q6", "q6\q6.csproj", "{89B4E7CB-B750-4635-82D8-FEECA56235AA}"
EndProject
Global
	GlobalSection(SolutionConfigurationPlatforms) = preSolution
		Debug|Any CPU = Debug|Any CPU
		Release|Any CPU = Release|Any CPU
	EndGlobalSection
	GlobalSection(ProjectConfigurationPlatforms) = postSolution
		{89B4E7CB-B750-4635-82D8-FEECA56235AA}.Debug|Any CPU.ActiveCfg = Debug|Any CPU
		{89B4E7CB-B750-4635-82D8-FEECA56235AA}.Debug|Any CPU.Build.0 = Debug|Any CPU
		{89B4E7CB-B750-4635-82D8-FEECA56235AA}.Release|Any CPU.ActiveCfg = Release|Any CPU
		{89B4E7CB-B750-4635-82D8-FEECA56235AA}.Release|Any CPU.Build.0 = Release|Any CPU
	EndGlobalSection
	GlobalSection(SolutionProperties) = preSolution
		HideSolutionNode = FALSE
	EndGlobalSection
	GlobalSection(ExtensibilityGlobals) = postSolution
		SolutionGuid = {794A1189-BA26-4DF5-A8AB-F88BA48CB007}
	EndGlobalSection
EndGlobal
